// !$*UTF8*$!
{
	archiveVersion = 1;
	classes = {
	};
	objectVersion = 56;
	objects = {

/* Begin PBXBuildFile section */
		301764E82A55B7E10028D2D3 /* CoreDataExtentions.swift in Sources */ = {isa = PBXBuildFile; fileRef = 301764E72A55B7E10028D2D3 /* CoreDataExtentions.swift */; };
		301C66192A7D463B008BB019 /* GroupDetailView.swift in Sources */ = {isa = PBXBuildFile; fileRef = 301C66182A7D463B008BB019 /* GroupDetailView.swift */; };
		302E19912A6AC3B500931F32 /* Groups.swift in Sources */ = {isa = PBXBuildFile; fileRef = 302E19902A6AC3B500931F32 /* Groups.swift */; };
		30711AD12AC4557A008F3E10 /* NotificationController.swift in Sources */ = {isa = PBXBuildFile; fileRef = 30711AD02AC4557A008F3E10 /* NotificationController.swift */; };
		30711AD42AC475C0008F3E10 /* DateFormatterHelper.swift in Sources */ = {isa = PBXBuildFile; fileRef = 30711AD32AC475C0008F3E10 /* DateFormatterHelper.swift */; };
		30711AD72AC5D3E2008F3E10 /* EventsView.swift in Sources */ = {isa = PBXBuildFile; fileRef = 30711AD62AC5D3E1008F3E10 /* EventsView.swift */; };
		30711AD92AC5D60A008F3E10 /* Event.swift in Sources */ = {isa = PBXBuildFile; fileRef = 30711AD82AC5D60A008F3E10 /* Event.swift */; };
		30711ADB2AC5D755008F3E10 /* EventRowView.swift in Sources */ = {isa = PBXBuildFile; fileRef = 30711ADA2AC5D755008F3E10 /* EventRowView.swift */; };
		30711ADD2AC6CD68008F3E10 /* Date+Extentions.swift in Sources */ = {isa = PBXBuildFile; fileRef = 30711ADC2AC6CD68008F3E10 /* Date+Extentions.swift */; };
		30711ADF2AC993B7008F3E10 /* EventsMainView.swift in Sources */ = {isa = PBXBuildFile; fileRef = 30711ADE2AC993B7008F3E10 /* EventsMainView.swift */; };
		30711AE22AC9E48E008F3E10 /* ButtonView.swift in Sources */ = {isa = PBXBuildFile; fileRef = 30711AE12AC9E48E008F3E10 /* ButtonView.swift */; };
		30919C632AA0AF2300B0E753 /* GroupAddView.swift in Sources */ = {isa = PBXBuildFile; fileRef = 30919C622AA0AF2300B0E753 /* GroupAddView.swift */; };
		3095EEB92AADD2590063ED97 /* PersonListView.swift in Sources */ = {isa = PBXBuildFile; fileRef = 3095EEB82AADD2590063ED97 /* PersonListView.swift */; };
		3095EEBB2AB0C08A0063ED97 /* Popup.swift in Sources */ = {isa = PBXBuildFile; fileRef = 3095EEBA2AB0C08A0063ED97 /* Popup.swift */; };
		30B1CD5F2AC0AA8300CA8180 /* ViewMode.swift in Sources */ = {isa = PBXBuildFile; fileRef = 30B1CD5E2AC0AA8300CA8180 /* ViewMode.swift */; };
		30CF23972AA632E300BAD4E0 /* PersonAddView.swift in Sources */ = {isa = PBXBuildFile; fileRef = 30CF23962AA632E300BAD4E0 /* PersonAddView.swift */; };
		30CF23992AA8A04400BAD4E0 /* DataOperation.swift in Sources */ = {isa = PBXBuildFile; fileRef = 30CF23982AA8A04400BAD4E0 /* DataOperation.swift */; };
		30D8A98E2AD41895001AE67D /* Category.swift in Sources */ = {isa = PBXBuildFile; fileRef = 30D8A98D2AD41895001AE67D /* Category.swift */; };
		30D8A9AC2AD58E14001AE67D /* ContactsImporter.swift in Sources */ = {isa = PBXBuildFile; fileRef = 30D8A9AB2AD58E14001AE67D /* ContactsImporter.swift */; };
		30D9031829ABB880000FEFAC /* PersonCellView.swift in Sources */ = {isa = PBXBuildFile; fileRef = 30D9031729ABB880000FEFAC /* PersonCellView.swift */; };
		30DFD4A9299270F7001D2F80 /* KeepInTouchApp.swift in Sources */ = {isa = PBXBuildFile; fileRef = 30DFD4A8299270F7001D2F80 /* KeepInTouchApp.swift */; };
		30DFD4AB299270F7001D2F80 /* GroupIconView.swift in Sources */ = {isa = PBXBuildFile; fileRef = 30DFD4AA299270F7001D2F80 /* GroupIconView.swift */; };
		30DFD4AD299270F9001D2F80 /* Assets.xcassets in Resources */ = {isa = PBXBuildFile; fileRef = 30DFD4AC299270F9001D2F80 /* Assets.xcassets */; };
		30DFD4B0299270F9001D2F80 /* Preview Assets.xcassets in Resources */ = {isa = PBXBuildFile; fileRef = 30DFD4AF299270F9001D2F80 /* Preview Assets.xcassets */; };
		30E9C97429BB5BF200A6E22C /* PersonAddEditView.swift in Sources */ = {isa = PBXBuildFile; fileRef = 30E9C97329BB5BF200A6E22C /* PersonAddEditView.swift */; };
		30E9C97F29C1F21500A6E22C /* PersistenceController.swift in Sources */ = {isa = PBXBuildFile; fileRef = 30E9C97E29C1F21500A6E22C /* PersistenceController.swift */; };
		30E9C98129C2314D00A6E22C /* GroupEditView.swift in Sources */ = {isa = PBXBuildFile; fileRef = 30E9C98029C2314D00A6E22C /* GroupEditView.swift */; };
		30E9C98329C231B700A6E22C /* GroupThemePicker.swift in Sources */ = {isa = PBXBuildFile; fileRef = 30E9C98229C231B700A6E22C /* GroupThemePicker.swift */; };
		30E9C98529C2328300A6E22C /* GroupThemeView.swift in Sources */ = {isa = PBXBuildFile; fileRef = 30E9C98429C2328300A6E22C /* GroupThemeView.swift */; };
		30E9C98829C8EFFF00A6E22C /* GroupPersonModel.xcdatamodeld in Sources */ = {isa = PBXBuildFile; fileRef = 30E9C98629C8EFFE00A6E22C /* GroupPersonModel.xcdatamodeld */; };
		30EF283F29A3FE9200294159 /* Person.swift in Sources */ = {isa = PBXBuildFile; fileRef = 30EF283E29A3FE9200294159 /* Person.swift */; };
		30EF284429A400A800294159 /* ColorTheme.swift in Sources */ = {isa = PBXBuildFile; fileRef = 30EF284329A400A800294159 /* ColorTheme.swift */; };
		30EF284629A5047700294159 /* Sample.swift in Sources */ = {isa = PBXBuildFile; fileRef = 30EF284529A5047700294159 /* Sample.swift */; };
		30EF284829A5076000294159 /* StarterView.swift in Sources */ = {isa = PBXBuildFile; fileRef = 30EF284729A5076000294159 /* StarterView.swift */; };
		30EF284A29A5078500294159 /* CarouselView.swift in Sources */ = {isa = PBXBuildFile; fileRef = 30EF284929A5078500294159 /* CarouselView.swift */; };
		30EF284C29A507AA00294159 /* GridView.swift in Sources */ = {isa = PBXBuildFile; fileRef = 30EF284B29A507AA00294159 /* GridView.swift */; };
		30EF284E29A7C21A00294159 /* EventFooterView.swift in Sources */ = {isa = PBXBuildFile; fileRef = 30EF284D29A7C21A00294159 /* EventFooterView.swift */; };
		30EF285029A7D55400294159 /* _PersonListView.swift in Sources */ = {isa = PBXBuildFile; fileRef = 30EF284F29A7D55400294159 /* _PersonListView.swift */; };
		30EF285229A8CE2E00294159 /* PersonDetailView.swift in Sources */ = {isa = PBXBuildFile; fileRef = 30EF285129A8CE2E00294159 /* PersonDetailView.swift */; };
		30F6C09E2AAC846900597DB3 /* TempGroupListView.swift in Sources */ = {isa = PBXBuildFile; fileRef = 30F6C09D2AAC846900597DB3 /* TempGroupListView.swift */; };
/* End PBXBuildFile section */

/* Begin PBXFileReference section */
		301764E72A55B7E10028D2D3 /* CoreDataExtentions.swift */ = {isa = PBXFileReference; lastKnownFileType = sourcecode.swift; path = CoreDataExtentions.swift; sourceTree = "<group>"; };
		301C66182A7D463B008BB019 /* GroupDetailView.swift */ = {isa = PBXFileReference; lastKnownFileType = sourcecode.swift; path = GroupDetailView.swift; sourceTree = "<group>"; };
		302E19902A6AC3B500931F32 /* Groups.swift */ = {isa = PBXFileReference; lastKnownFileType = sourcecode.swift; path = Groups.swift; sourceTree = "<group>"; };
		30711AD02AC4557A008F3E10 /* NotificationController.swift */ = {isa = PBXFileReference; lastKnownFileType = sourcecode.swift; path = NotificationController.swift; sourceTree = "<group>"; };
		30711AD32AC475C0008F3E10 /* DateFormatterHelper.swift */ = {isa = PBXFileReference; lastKnownFileType = sourcecode.swift; path = DateFormatterHelper.swift; sourceTree = "<group>"; };
		30711AD62AC5D3E1008F3E10 /* EventsView.swift */ = {isa = PBXFileReference; lastKnownFileType = sourcecode.swift; path = EventsView.swift; sourceTree = "<group>"; };
		30711AD82AC5D60A008F3E10 /* Event.swift */ = {isa = PBXFileReference; lastKnownFileType = sourcecode.swift; path = Event.swift; sourceTree = "<group>"; };
		30711ADA2AC5D755008F3E10 /* EventRowView.swift */ = {isa = PBXFileReference; lastKnownFileType = sourcecode.swift; path = EventRowView.swift; sourceTree = "<group>"; };
		30711ADC2AC6CD68008F3E10 /* Date+Extentions.swift */ = {isa = PBXFileReference; lastKnownFileType = sourcecode.swift; path = "Date+Extentions.swift"; sourceTree = "<group>"; };
		30711ADE2AC993B7008F3E10 /* EventsMainView.swift */ = {isa = PBXFileReference; lastKnownFileType = sourcecode.swift; path = EventsMainView.swift; sourceTree = "<group>"; };
		30711AE12AC9E48E008F3E10 /* ButtonView.swift */ = {isa = PBXFileReference; lastKnownFileType = sourcecode.swift; path = ButtonView.swift; sourceTree = "<group>"; };
		30919C622AA0AF2300B0E753 /* GroupAddView.swift */ = {isa = PBXFileReference; lastKnownFileType = sourcecode.swift; path = GroupAddView.swift; sourceTree = "<group>"; };
		3095EEB82AADD2590063ED97 /* PersonListView.swift */ = {isa = PBXFileReference; lastKnownFileType = sourcecode.swift; path = PersonListView.swift; sourceTree = "<group>"; };
		3095EEBA2AB0C08A0063ED97 /* Popup.swift */ = {isa = PBXFileReference; lastKnownFileType = sourcecode.swift; path = Popup.swift; sourceTree = "<group>"; };
		30B1CD5E2AC0AA8300CA8180 /* ViewMode.swift */ = {isa = PBXFileReference; lastKnownFileType = sourcecode.swift; path = ViewMode.swift; sourceTree = "<group>"; };
		30CF23962AA632E300BAD4E0 /* PersonAddView.swift */ = {isa = PBXFileReference; lastKnownFileType = sourcecode.swift; path = PersonAddView.swift; sourceTree = "<group>"; };
		30CF23982AA8A04400BAD4E0 /* DataOperation.swift */ = {isa = PBXFileReference; lastKnownFileType = sourcecode.swift; path = DataOperation.swift; sourceTree = "<group>"; };
		30D8A98D2AD41895001AE67D /* Category.swift */ = {isa = PBXFileReference; lastKnownFileType = sourcecode.swift; path = Category.swift; sourceTree = "<group>"; };
		30D8A9AB2AD58E14001AE67D /* ContactsImporter.swift */ = {isa = PBXFileReference; lastKnownFileType = sourcecode.swift; path = ContactsImporter.swift; sourceTree = "<group>"; };
		30D9031729ABB880000FEFAC /* PersonCellView.swift */ = {isa = PBXFileReference; lastKnownFileType = sourcecode.swift; path = PersonCellView.swift; sourceTree = "<group>"; };
		30DFD4A5299270F7001D2F80 /* KeepInTouch.app */ = {isa = PBXFileReference; explicitFileType = wrapper.application; includeInIndex = 0; path = KeepInTouch.app; sourceTree = BUILT_PRODUCTS_DIR; };
		30DFD4A8299270F7001D2F80 /* KeepInTouchApp.swift */ = {isa = PBXFileReference; lastKnownFileType = sourcecode.swift; path = KeepInTouchApp.swift; sourceTree = "<group>"; };
		30DFD4AA299270F7001D2F80 /* GroupIconView.swift */ = {isa = PBXFileReference; lastKnownFileType = sourcecode.swift; path = GroupIconView.swift; sourceTree = "<group>"; };
		30DFD4AC299270F9001D2F80 /* Assets.xcassets */ = {isa = PBXFileReference; lastKnownFileType = folder.assetcatalog; path = Assets.xcassets; sourceTree = "<group>"; };
		30DFD4AF299270F9001D2F80 /* Preview Assets.xcassets */ = {isa = PBXFileReference; lastKnownFileType = folder.assetcatalog; path = "Preview Assets.xcassets"; sourceTree = "<group>"; };
		30E9C97329BB5BF200A6E22C /* PersonAddEditView.swift */ = {isa = PBXFileReference; lastKnownFileType = sourcecode.swift; path = PersonAddEditView.swift; sourceTree = "<group>"; };
		30E9C97E29C1F21500A6E22C /* PersistenceController.swift */ = {isa = PBXFileReference; lastKnownFileType = sourcecode.swift; path = PersistenceController.swift; sourceTree = "<group>"; };
		30E9C98029C2314D00A6E22C /* GroupEditView.swift */ = {isa = PBXFileReference; lastKnownFileType = sourcecode.swift; path = GroupEditView.swift; sourceTree = "<group>"; };
		30E9C98229C231B700A6E22C /* GroupThemePicker.swift */ = {isa = PBXFileReference; lastKnownFileType = sourcecode.swift; path = GroupThemePicker.swift; sourceTree = "<group>"; };
		30E9C98429C2328300A6E22C /* GroupThemeView.swift */ = {isa = PBXFileReference; lastKnownFileType = sourcecode.swift; path = GroupThemeView.swift; sourceTree = "<group>"; };
		30E9C98729C8EFFF00A6E22C /* KeepInTouchModel.xcdatamodel */ = {isa = PBXFileReference; lastKnownFileType = wrapper.xcdatamodel; path = KeepInTouchModel.xcdatamodel; sourceTree = "<group>"; };
		30EF283E29A3FE9200294159 /* Person.swift */ = {isa = PBXFileReference; lastKnownFileType = sourcecode.swift; path = Person.swift; sourceTree = "<group>"; };
		30EF284329A400A800294159 /* ColorTheme.swift */ = {isa = PBXFileReference; lastKnownFileType = sourcecode.swift; path = ColorTheme.swift; sourceTree = "<group>"; };
		30EF284529A5047700294159 /* Sample.swift */ = {isa = PBXFileReference; lastKnownFileType = sourcecode.swift; path = Sample.swift; sourceTree = "<group>"; };
		30EF284729A5076000294159 /* StarterView.swift */ = {isa = PBXFileReference; lastKnownFileType = sourcecode.swift; path = StarterView.swift; sourceTree = "<group>"; };
		30EF284929A5078500294159 /* CarouselView.swift */ = {isa = PBXFileReference; lastKnownFileType = sourcecode.swift; path = CarouselView.swift; sourceTree = "<group>"; };
		30EF284B29A507AA00294159 /* GridView.swift */ = {isa = PBXFileReference; lastKnownFileType = sourcecode.swift; path = GridView.swift; sourceTree = "<group>"; };
		30EF284D29A7C21A00294159 /* EventFooterView.swift */ = {isa = PBXFileReference; lastKnownFileType = sourcecode.swift; path = EventFooterView.swift; sourceTree = "<group>"; };
		30EF284F29A7D55400294159 /* _PersonListView.swift */ = {isa = PBXFileReference; lastKnownFileType = sourcecode.swift; path = _PersonListView.swift; sourceTree = "<group>"; };
		30EF285129A8CE2E00294159 /* PersonDetailView.swift */ = {isa = PBXFileReference; lastKnownFileType = sourcecode.swift; path = PersonDetailView.swift; sourceTree = "<group>"; };
		30F6C09D2AAC846900597DB3 /* TempGroupListView.swift */ = {isa = PBXFileReference; lastKnownFileType = sourcecode.swift; path = TempGroupListView.swift; sourceTree = "<group>"; };
/* End PBXFileReference section */

/* Begin PBXFrameworksBuildPhase section */
		30DFD4A2299270F7001D2F80 /* Frameworks */ = {
			isa = PBXFrameworksBuildPhase;
			buildActionMask = 2147483647;
			files = (
			);
			runOnlyForDeploymentPostprocessing = 0;
		};
/* End PBXFrameworksBuildPhase section */

/* Begin PBXGroup section */
		301BB41D29AE361C00F85821 /* Services */ = {
			isa = PBXGroup;
			children = (
				30E9C97E29C1F21500A6E22C /* PersistenceController.swift */,
				30CF23982AA8A04400BAD4E0 /* DataOperation.swift */,
				30B1CD5E2AC0AA8300CA8180 /* ViewMode.swift */,
				30711AD02AC4557A008F3E10 /* NotificationController.swift */,
				30D8A9AB2AD58E14001AE67D /* ContactsImporter.swift */,
			);
			path = Services;
			sourceTree = "<group>";
		};
		30711AD22AC47580008F3E10 /* Helpers */ = {
			isa = PBXGroup;
			children = (
				30711AD32AC475C0008F3E10 /* DateFormatterHelper.swift */,
				30711ADC2AC6CD68008F3E10 /* Date+Extentions.swift */,
				3095EEBA2AB0C08A0063ED97 /* Popup.swift */,
			);
			path = Helpers;
			sourceTree = "<group>";
		};
		30711AD52AC5D3B3008F3E10 /* Event */ = {
			isa = PBXGroup;
			children = (
				30711ADE2AC993B7008F3E10 /* EventsMainView.swift */,
				30711AD62AC5D3E1008F3E10 /* EventsView.swift */,
				30711ADA2AC5D755008F3E10 /* EventRowView.swift */,
			);
			path = Event;
			sourceTree = "<group>";
		};
		30711AE02AC9E42F008F3E10 /* Views */ = {
			isa = PBXGroup;
			children = (
				30711AE12AC9E48E008F3E10 /* ButtonView.swift */,
			);
			path = Views;
			sourceTree = "<group>";
		};
		30C25E252A96327C00859AC0 /* Group */ = {
			isa = PBXGroup;
			children = (
				30E9C98029C2314D00A6E22C /* GroupEditView.swift */,
				301C66182A7D463B008BB019 /* GroupDetailView.swift */,
				30DFD4AA299270F7001D2F80 /* GroupIconView.swift */,
				30E9C98229C231B700A6E22C /* GroupThemePicker.swift */,
				30E9C98429C2328300A6E22C /* GroupThemeView.swift */,
				30919C622AA0AF2300B0E753 /* GroupAddView.swift */,
				30F6C09D2AAC846900597DB3 /* TempGroupListView.swift */,
			);
			path = Group;
			sourceTree = "<group>";
		};
		30C25E262A9632AF00859AC0 /* Person */ = {
			isa = PBXGroup;
			children = (
				30CF23962AA632E300BAD4E0 /* PersonAddView.swift */,
				30EF284F29A7D55400294159 /* _PersonListView.swift */,
				30D9031729ABB880000FEFAC /* PersonCellView.swift */,
				30EF285129A8CE2E00294159 /* PersonDetailView.swift */,
				30E9C97329BB5BF200A6E22C /* PersonAddEditView.swift */,
				3095EEB82AADD2590063ED97 /* PersonListView.swift */,
			);
			path = Person;
			sourceTree = "<group>";
		};
		30DFD49C299270F7001D2F80 = {
			isa = PBXGroup;
			children = (
				30DFD4A7299270F7001D2F80 /* KeepInTouch */,
				30DFD4A6299270F7001D2F80 /* Products */,
			);
			sourceTree = "<group>";
		};
		30DFD4A6299270F7001D2F80 /* Products */ = {
			isa = PBXGroup;
			children = (
				30DFD4A5299270F7001D2F80 /* KeepInTouch.app */,
			);
			name = Products;
			sourceTree = "<group>";
		};
		30DFD4A7299270F7001D2F80 /* KeepInTouch */ = {
			isa = PBXGroup;
			children = (
				30711AD22AC47580008F3E10 /* Helpers */,
				301BB41D29AE361C00F85821 /* Services */,
				30EF284029A3FE9800294159 /* Models */,
				30DFD4A8299270F7001D2F80 /* KeepInTouchApp.swift */,
				30EF284729A5076000294159 /* StarterView.swift */,
				30EF284929A5078500294159 /* CarouselView.swift */,
				30EF284B29A507AA00294159 /* GridView.swift */,
				30C25E252A96327C00859AC0 /* Group */,
				30C25E262A9632AF00859AC0 /* Person */,
				30711AD52AC5D3B3008F3E10 /* Event */,
				30711AE02AC9E42F008F3E10 /* Views */,
				30EF284D29A7C21A00294159 /* EventFooterView.swift */,
				30DFD4AC299270F9001D2F80 /* Assets.xcassets */,
				30DFD4AE299270F9001D2F80 /* Preview Content */,
				30EF284529A5047700294159 /* Sample.swift */,
			);
			path = KeepInTouch;
			sourceTree = "<group>";
		};
		30DFD4AE299270F9001D2F80 /* Preview Content */ = {
			isa = PBXGroup;
			children = (
				30DFD4AF299270F9001D2F80 /* Preview Assets.xcassets */,
			);
			path = "Preview Content";
			sourceTree = "<group>";
		};
		30EF284029A3FE9800294159 /* Models */ = {
			isa = PBXGroup;
			children = (
				30EF283E29A3FE9200294159 /* Person.swift */,
				30711AD82AC5D60A008F3E10 /* Event.swift */,
				302E19902A6AC3B500931F32 /* Groups.swift */,
				30D8A98D2AD41895001AE67D /* Category.swift */,
				30EF284329A400A800294159 /* ColorTheme.swift */,
				301764E72A55B7E10028D2D3 /* CoreDataExtentions.swift */,
				30E9C98629C8EFFE00A6E22C /* GroupPersonModel.xcdatamodeld */,
			);
			path = Models;
			sourceTree = "<group>";
		};
/* End PBXGroup section */

/* Begin PBXNativeTarget section */
		30DFD4A4299270F7001D2F80 /* KeepInTouch */ = {
			isa = PBXNativeTarget;
			buildConfigurationList = 30DFD4B3299270F9001D2F80 /* Build configuration list for PBXNativeTarget "KeepInTouch" */;
			buildPhases = (
				30DFD4A1299270F7001D2F80 /* Sources */,
				30DFD4A2299270F7001D2F80 /* Frameworks */,
				30DFD4A3299270F7001D2F80 /* Resources */,
			);
			buildRules = (
			);
			dependencies = (
			);
			name = KeepInTouch;
			productName = KeepInTouch;
			productReference = 30DFD4A5299270F7001D2F80 /* KeepInTouch.app */;
			productType = "com.apple.product-type.application";
		};
/* End PBXNativeTarget section */

/* Begin PBXProject section */
		30DFD49D299270F7001D2F80 /* Project object */ = {
			isa = PBXProject;
			attributes = {
				BuildIndependentTargetsInParallel = 1;
				LastSwiftUpdateCheck = 1420;
				LastUpgradeCheck = 1420;
				TargetAttributes = {
					30DFD4A4299270F7001D2F80 = {
						CreatedOnToolsVersion = 14.2;
					};
				};
			};
			buildConfigurationList = 30DFD4A0299270F7001D2F80 /* Build configuration list for PBXProject "KeepInTouch" */;
			compatibilityVersion = "Xcode 14.0";
			developmentRegion = en;
			hasScannedForEncodings = 0;
			knownRegions = (
				en,
				Base,
			);
			mainGroup = 30DFD49C299270F7001D2F80;
			productRefGroup = 30DFD4A6299270F7001D2F80 /* Products */;
			projectDirPath = "";
			projectRoot = "";
			targets = (
				30DFD4A4299270F7001D2F80 /* KeepInTouch */,
			);
		};
/* End PBXProject section */

/* Begin PBXResourcesBuildPhase section */
		30DFD4A3299270F7001D2F80 /* Resources */ = {
			isa = PBXResourcesBuildPhase;
			buildActionMask = 2147483647;
			files = (
				30DFD4B0299270F9001D2F80 /* Preview Assets.xcassets in Resources */,
				30DFD4AD299270F9001D2F80 /* Assets.xcassets in Resources */,
			);
			runOnlyForDeploymentPostprocessing = 0;
		};
/* End PBXResourcesBuildPhase section */

/* Begin PBXSourcesBuildPhase section */
		30DFD4A1299270F7001D2F80 /* Sources */ = {
			isa = PBXSourcesBuildPhase;
			buildActionMask = 2147483647;
			files = (
				30E9C98529C2328300A6E22C /* GroupThemeView.swift in Sources */,
				30EF284829A5076000294159 /* StarterView.swift in Sources */,
				30EF283F29A3FE9200294159 /* Person.swift in Sources */,
				302E19912A6AC3B500931F32 /* Groups.swift in Sources */,
				30EF284629A5047700294159 /* Sample.swift in Sources */,
				30B1CD5F2AC0AA8300CA8180 /* ViewMode.swift in Sources */,
				30711AD42AC475C0008F3E10 /* DateFormatterHelper.swift in Sources */,
				30711AE22AC9E48E008F3E10 /* ButtonView.swift in Sources */,
				30711ADF2AC993B7008F3E10 /* EventsMainView.swift in Sources */,
				30E9C98329C231B700A6E22C /* GroupThemePicker.swift in Sources */,
				30711AD92AC5D60A008F3E10 /* Event.swift in Sources */,
				30711ADB2AC5D755008F3E10 /* EventRowView.swift in Sources */,
				30E9C98129C2314D00A6E22C /* GroupEditView.swift in Sources */,
				3095EEB92AADD2590063ED97 /* PersonListView.swift in Sources */,
				30D8A9AC2AD58E14001AE67D /* ContactsImporter.swift in Sources */,
				30EF284429A400A800294159 /* ColorTheme.swift in Sources */,
				30919C632AA0AF2300B0E753 /* GroupAddView.swift in Sources */,
				30F6C09E2AAC846900597DB3 /* TempGroupListView.swift in Sources */,
				30711AD72AC5D3E2008F3E10 /* EventsView.swift in Sources */,
				30CF23992AA8A04400BAD4E0 /* DataOperation.swift in Sources */,
				30711AD12AC4557A008F3E10 /* NotificationController.swift in Sources */,
				30DFD4AB299270F7001D2F80 /* GroupIconView.swift in Sources */,
				30DFD4A9299270F7001D2F80 /* KeepInTouchApp.swift in Sources */,
				30E9C97429BB5BF200A6E22C /* PersonAddEditView.swift in Sources */,
				30EF284A29A5078500294159 /* CarouselView.swift in Sources */,
				30711ADD2AC6CD68008F3E10 /* Date+Extentions.swift in Sources */,
				3095EEBB2AB0C08A0063ED97 /* Popup.swift in Sources */,
				30CF23972AA632E300BAD4E0 /* PersonAddView.swift in Sources */,
				30E9C98829C8EFFF00A6E22C /* GroupPersonModel.xcdatamodeld in Sources */,
				30EF284C29A507AA00294159 /* GridView.swift in Sources */,
				30EF284E29A7C21A00294159 /* EventFooterView.swift in Sources */,
				30EF285029A7D55400294159 /* _PersonListView.swift in Sources */,
				30D9031829ABB880000FEFAC /* PersonCellView.swift in Sources */,
				301C66192A7D463B008BB019 /* GroupDetailView.swift in Sources */,
				30D8A98E2AD41895001AE67D /* Category.swift in Sources */,
				30EF285229A8CE2E00294159 /* PersonDetailView.swift in Sources */,
				30E9C97F29C1F21500A6E22C /* PersistenceController.swift in Sources */,
				301764E82A55B7E10028D2D3 /* CoreDataExtentions.swift in Sources */,
			);
			runOnlyForDeploymentPostprocessing = 0;
		};
/* End PBXSourcesBuildPhase section */

/* Begin XCBuildConfiguration section */
		30DFD4B1299270F9001D2F80 /* Debug */ = {
			isa = XCBuildConfiguration;
			buildSettings = {
				ALWAYS_SEARCH_USER_PATHS = NO;
				CLANG_ANALYZER_NONNULL = YES;
				CLANG_ANALYZER_NUMBER_OBJECT_CONVERSION = YES_AGGRESSIVE;
				CLANG_CXX_LANGUAGE_STANDARD = "gnu++20";
				CLANG_ENABLE_MODULES = YES;
				CLANG_ENABLE_OBJC_ARC = YES;
				CLANG_ENABLE_OBJC_WEAK = YES;
				CLANG_WARN_BLOCK_CAPTURE_AUTORELEASING = YES;
				CLANG_WARN_BOOL_CONVERSION = YES;
				CLANG_WARN_COMMA = YES;
				CLANG_WARN_CONSTANT_CONVERSION = YES;
				CLANG_WARN_DEPRECATED_OBJC_IMPLEMENTATIONS = YES;
				CLANG_WARN_DIRECT_OBJC_ISA_USAGE = YES_ERROR;
				CLANG_WARN_DOCUMENTATION_COMMENTS = YES;
				CLANG_WARN_EMPTY_BODY = YES;
				CLANG_WARN_ENUM_CONVERSION = YES;
				CLANG_WARN_INFINITE_RECURSION = YES;
				CLANG_WARN_INT_CONVERSION = YES;
				CLANG_WARN_NON_LITERAL_NULL_CONVERSION = YES;
				CLANG_WARN_OBJC_IMPLICIT_RETAIN_SELF = YES;
				CLANG_WARN_OBJC_LITERAL_CONVERSION = YES;
				CLANG_WARN_OBJC_ROOT_CLASS = YES_ERROR;
				CLANG_WARN_QUOTED_INCLUDE_IN_FRAMEWORK_HEADER = YES;
				CLANG_WARN_RANGE_LOOP_ANALYSIS = YES;
				CLANG_WARN_STRICT_PROTOTYPES = YES;
				CLANG_WARN_SUSPICIOUS_MOVE = YES;
				CLANG_WARN_UNGUARDED_AVAILABILITY = YES_AGGRESSIVE;
				CLANG_WARN_UNREACHABLE_CODE = YES;
				CLANG_WARN__DUPLICATE_METHOD_MATCH = YES;
				COPY_PHASE_STRIP = NO;
				DEBUG_INFORMATION_FORMAT = dwarf;
				ENABLE_STRICT_OBJC_MSGSEND = YES;
				ENABLE_TESTABILITY = YES;
				GCC_C_LANGUAGE_STANDARD = gnu11;
				GCC_DYNAMIC_NO_PIC = NO;
				GCC_NO_COMMON_BLOCKS = YES;
				GCC_OPTIMIZATION_LEVEL = 0;
				GCC_PREPROCESSOR_DEFINITIONS = (
					"DEBUG=1",
					"$(inherited)",
				);
				GCC_WARN_64_TO_32_BIT_CONVERSION = YES;
				GCC_WARN_ABOUT_RETURN_TYPE = YES_ERROR;
				GCC_WARN_UNDECLARED_SELECTOR = YES;
				GCC_WARN_UNINITIALIZED_AUTOS = YES_AGGRESSIVE;
				GCC_WARN_UNUSED_FUNCTION = YES;
				GCC_WARN_UNUSED_VARIABLE = YES;
				IPHONEOS_DEPLOYMENT_TARGET = 15.0;
				MTL_ENABLE_DEBUG_INFO = INCLUDE_SOURCE;
				MTL_FAST_MATH = YES;
				ONLY_ACTIVE_ARCH = YES;
				SDKROOT = iphoneos;
				SWIFT_ACTIVE_COMPILATION_CONDITIONS = DEBUG;
				SWIFT_OPTIMIZATION_LEVEL = "-Onone";
			};
			name = Debug;
		};
		30DFD4B2299270F9001D2F80 /* Release */ = {
			isa = XCBuildConfiguration;
			buildSettings = {
				ALWAYS_SEARCH_USER_PATHS = NO;
				CLANG_ANALYZER_NONNULL = YES;
				CLANG_ANALYZER_NUMBER_OBJECT_CONVERSION = YES_AGGRESSIVE;
				CLANG_CXX_LANGUAGE_STANDARD = "gnu++20";
				CLANG_ENABLE_MODULES = YES;
				CLANG_ENABLE_OBJC_ARC = YES;
				CLANG_ENABLE_OBJC_WEAK = YES;
				CLANG_WARN_BLOCK_CAPTURE_AUTORELEASING = YES;
				CLANG_WARN_BOOL_CONVERSION = YES;
				CLANG_WARN_COMMA = YES;
				CLANG_WARN_CONSTANT_CONVERSION = YES;
				CLANG_WARN_DEPRECATED_OBJC_IMPLEMENTATIONS = YES;
				CLANG_WARN_DIRECT_OBJC_ISA_USAGE = YES_ERROR;
				CLANG_WARN_DOCUMENTATION_COMMENTS = YES;
				CLANG_WARN_EMPTY_BODY = YES;
				CLANG_WARN_ENUM_CONVERSION = YES;
				CLANG_WARN_INFINITE_RECURSION = YES;
				CLANG_WARN_INT_CONVERSION = YES;
				CLANG_WARN_NON_LITERAL_NULL_CONVERSION = YES;
				CLANG_WARN_OBJC_IMPLICIT_RETAIN_SELF = YES;
				CLANG_WARN_OBJC_LITERAL_CONVERSION = YES;
				CLANG_WARN_OBJC_ROOT_CLASS = YES_ERROR;
				CLANG_WARN_QUOTED_INCLUDE_IN_FRAMEWORK_HEADER = YES;
				CLANG_WARN_RANGE_LOOP_ANALYSIS = YES;
				CLANG_WARN_STRICT_PROTOTYPES = YES;
				CLANG_WARN_SUSPICIOUS_MOVE = YES;
				CLANG_WARN_UNGUARDED_AVAILABILITY = YES_AGGRESSIVE;
				CLANG_WARN_UNREACHABLE_CODE = YES;
				CLANG_WARN__DUPLICATE_METHOD_MATCH = YES;
				COPY_PHASE_STRIP = NO;
				DEBUG_INFORMATION_FORMAT = "dwarf-with-dsym";
				ENABLE_NS_ASSERTIONS = NO;
				ENABLE_STRICT_OBJC_MSGSEND = YES;
				GCC_C_LANGUAGE_STANDARD = gnu11;
				GCC_NO_COMMON_BLOCKS = YES;
				GCC_WARN_64_TO_32_BIT_CONVERSION = YES;
				GCC_WARN_ABOUT_RETURN_TYPE = YES_ERROR;
				GCC_WARN_UNDECLARED_SELECTOR = YES;
				GCC_WARN_UNINITIALIZED_AUTOS = YES_AGGRESSIVE;
				GCC_WARN_UNUSED_FUNCTION = YES;
				GCC_WARN_UNUSED_VARIABLE = YES;
				IPHONEOS_DEPLOYMENT_TARGET = 15.0;
				MTL_ENABLE_DEBUG_INFO = NO;
				MTL_FAST_MATH = YES;
				SDKROOT = iphoneos;
				SWIFT_COMPILATION_MODE = wholemodule;
				SWIFT_OPTIMIZATION_LEVEL = "-O";
				VALIDATE_PRODUCT = YES;
			};
			name = Release;
		};
		30DFD4B4299270F9001D2F80 /* Debug */ = {
			isa = XCBuildConfiguration;
			buildSettings = {
				ASSETCATALOG_COMPILER_APPICON_NAME = AppIcon;
				ASSETCATALOG_COMPILER_GLOBAL_ACCENT_COLOR_NAME = AccentColor;
				CODE_SIGN_STYLE = Automatic;
				CURRENT_PROJECT_VERSION = 1;
				DEVELOPMENT_ASSET_PATHS = "\"KeepInTouch/Preview Content\"";
				DEVELOPMENT_TEAM = M2L3X2RFT6;
				ENABLE_PREVIEWS = YES;
				GENERATE_INFOPLIST_FILE = YES;
				INFOPLIST_KEY_UIApplicationSceneManifest_Generation = YES;
				INFOPLIST_KEY_UIApplicationSupportsIndirectInputEvents = YES;
				INFOPLIST_KEY_UILaunchScreen_Generation = YES;
				INFOPLIST_KEY_UISupportedInterfaceOrientations = UIInterfaceOrientationPortrait;
				IPHONEOS_DEPLOYMENT_TARGET = 15.0;
				LD_RUNPATH_SEARCH_PATHS = (
					"$(inherited)",
					"@executable_path/Frameworks",
				);
				MARKETING_VERSION = 1.0;
				PRODUCT_BUNDLE_IDENTIFIER = iKorobov.KeepInTouch;
				PRODUCT_NAME = "$(TARGET_NAME)";
				SUPPORTED_PLATFORMS = "iphoneos iphonesimulator";
				SUPPORTS_MACCATALYST = NO;
				SUPPORTS_MAC_DESIGNED_FOR_IPHONE_IPAD = NO;
				SWIFT_EMIT_LOC_STRINGS = YES;
				SWIFT_VERSION = 5.0;
				TARGETED_DEVICE_FAMILY = 1;
			};
			name = Debug;
		};
		30DFD4B5299270F9001D2F80 /* Release */ = {
			isa = XCBuildConfiguration;
			buildSettings = {
				ASSETCATALOG_COMPILER_APPICON_NAME = AppIcon;
				ASSETCATALOG_COMPILER_GLOBAL_ACCENT_COLOR_NAME = AccentColor;
				CODE_SIGN_STYLE = Automatic;
				CURRENT_PROJECT_VERSION = 1;
				DEVELOPMENT_ASSET_PATHS = "\"KeepInTouch/Preview Content\"";
				DEVELOPMENT_TEAM = M2L3X2RFT6;
				ENABLE_PREVIEWS = YES;
				GENERATE_INFOPLIST_FILE = YES;
				INFOPLIST_KEY_UIApplicationSceneManifest_Generation = YES;
				INFOPLIST_KEY_UIApplicationSupportsIndirectInputEvents = YES;
				INFOPLIST_KEY_UILaunchScreen_Generation = YES;
				INFOPLIST_KEY_UISupportedInterfaceOrientations = UIInterfaceOrientationPortrait;
				IPHONEOS_DEPLOYMENT_TARGET = 15.0;
				LD_RUNPATH_SEARCH_PATHS = (
					"$(inherited)",
					"@executable_path/Frameworks",
				);
				MARKETING_VERSION = 1.0;
				PRODUCT_BUNDLE_IDENTIFIER = iKorobov.KeepInTouch;
				PRODUCT_NAME = "$(TARGET_NAME)";
				SUPPORTED_PLATFORMS = "iphoneos iphonesimulator";
				SUPPORTS_MACCATALYST = NO;
				SUPPORTS_MAC_DESIGNED_FOR_IPHONE_IPAD = NO;
				SWIFT_EMIT_LOC_STRINGS = YES;
				SWIFT_VERSION = 5.0;
				TARGETED_DEVICE_FAMILY = 1;
			};
			name = Release;
		};
/* End XCBuildConfiguration section */

/* Begin XCConfigurationList section */
		30DFD4A0299270F7001D2F80 /* Build configuration list for PBXProject "KeepInTouch" */ = {
			isa = XCConfigurationList;
			buildConfigurations = (
				30DFD4B1299270F9001D2F80 /* Debug */,
				30DFD4B2299270F9001D2F80 /* Release */,
			);
			defaultConfigurationIsVisible = 0;
			defaultConfigurationName = Release;
		};
		30DFD4B3299270F9001D2F80 /* Build configuration list for PBXNativeTarget "KeepInTouch" */ = {
			isa = XCConfigurationList;
			buildConfigurations = (
				30DFD4B4299270F9001D2F80 /* Debug */,
				30DFD4B5299270F9001D2F80 /* Release */,
			);
			defaultConfigurationIsVisible = 0;
			defaultConfigurationName = Release;
		};
/* End XCConfigurationList section */

/* Begin XCVersionGroup section */
		30E9C98629C8EFFE00A6E22C /* GroupPersonModel.xcdatamodeld */ = {
			isa = XCVersionGroup;
			children = (
				30E9C98729C8EFFF00A6E22C /* KeepInTouchModel.xcdatamodel */,
			);
			currentVersion = 30E9C98729C8EFFF00A6E22C /* KeepInTouchModel.xcdatamodel */;
			path = GroupPersonModel.xcdatamodeld;
			sourceTree = "<group>";
			versionGroupType = wrapper.xcdatamodel;
		};
/* End XCVersionGroup section */
	};
	rootObject = 30DFD49D299270F7001D2F80 /* Project object */;
}
